<?xml version="1.0" encoding="UTF-8" standalone="yes" ?>
<CodeBlocks_project_file>
	<FileVersion major="1" minor="6" />
	<Project>
		<Option title="anonymity" />
		<Option pch_mode="2" />
		<Option compiler="gcc" />
		<Build>
			<Target title="Release">
				<Option output="anonymity" prefix_auto="1" extension_auto="1" />
				<Option object_output="obj/" />
				<Option type="0" />
				<Option compiler="gcc" />
				<Compiler>
					<Add option="-O2" />
					<Add option="-m64" />
				</Compiler>
				<Linker>
					<Add option="-s" />
					<Add option="-m64" />
				</Linker>
			</Target>
		</Build>
		<Compiler>
			<Add option="-Wall" />
			<Add option="-m64" />
		</Compiler>
		<Linker>
			<Add option="-static-libgcc" />
			<Add option="-m64" />
			<Add library="mingw32" />
			<Add library="SDL3" />
			<Add library="opengl32" />
		</Linker>
		<Unit filename="src/auxdata.c">
			<Option compilerVar="CC" />
		</Unit>
		<Unit filename="src/auxdata.h" />
		<Unit filename="src/buffer.c">
			<Option compilerVar="CC" />
		</Unit>
		<Unit filename="src/buffer.h" />
		<Unit filename="src/entity.c">
			<Option compilerVar="CC" />
		</Unit>
		<Unit filename="src/entity.h" />
		<Unit filename="src/events.c">
			<Option compilerVar="CC" />
		</Unit>
		<Unit filename="src/events.h" />
		<Unit filename="src/examples.c">
			<Option compilerVar="CC" />
		</Unit>
		<Unit filename="src/examples.h" />
		<Unit filename="src/font.c">
			<Option compilerVar="CC" />
		</Unit>
		<Unit filename="src/font.h" />
		<Unit filename="src/graphics.c">
			<Option compilerVar="CC" />
		</Unit>
		<Unit filename="src/graphics.h" />
		<Unit filename="src/history_tree.c">
			<Option compilerVar="CC" />
		</Unit>
		<Unit filename="src/history_tree.h" />
		<Unit filename="src/main.c">
			<Option compilerVar="CC" />
		</Unit>
		<Unit filename="src/main.h" />
		<Unit filename="src/network.c">
			<Option compilerVar="CC" />
		</Unit>
		<Unit filename="src/network.h" />
		<Unit filename="src/queue.c">
			<Option compilerVar="CC" />
		</Unit>
		<Unit filename="src/queue.h" />
		<Unit filename="src/render.c">
			<Option compilerVar="CC" />
		</Unit>
		<Unit filename="src/render.h" />
		<Unit filename="src/shader.c">
			<Option compilerVar="CC" />
		</Unit>
		<Unit filename="src/shader.h" />
		<Unit filename="src/stabilizing_algo.c">
			<Option compilerVar="CC" />
		</Unit>
		<Unit filename="src/stabilizing_algo.h" />
		<Unit filename="src/terminating_algo.c">
			<Option compilerVar="CC" />
		</Unit>
		<Unit filename="src/terminating_algo.h" />
		<Unit filename="src/text.c">
			<Option compilerVar="CC" />
		</Unit>
		<Unit filename="src/text.h" />
		<Unit filename="src/vector.c">
			<Option compilerVar="CC" />
		</Unit>
		<Unit filename="src/vector.h" />
		<Extensions />
	</Project>
</CodeBlocks_project_file>

